
Microsoft Visual Studio Solution File, Format Version 12.00
# Visual Studio 15
VisualStudioVersion = 15.0.28010.0
MinimumVisualStudioVersion = 10.0.40219.1
Project("{FAE04EC0-301F-11D3-BF4B-00C04F79EFBC}") = "LegacySite", "LegacySite\LegacySite.csproj", "{33AE3189-B0FE-45C5-85CB-BC3B68C52BCF}"
EndProject
Global
	GlobalSection(SolutionConfigurationPlatforms) = preSolution
		Debug|Any CPU = Debug|Any CPU
		Release|Any CPU = Release|Any CPU
	EndGlobalSection
	GlobalSection(ProjectConfigurationPlatforms) = postSolution
		{33AE3189-B0FE-45C5-85CB-BC3B68C52BCF}.Debug|Any CPU.ActiveCfg = Debug|Any CPU
		{33AE3189-B0FE-45C5-85CB-BC3B68C52BCF}.Debug|Any CPU.Build.0 = Debug|Any CPU
		{33AE3189-B0FE-45C5-85CB-BC3B68C52BCF}.Release|Any CPU.ActiveCfg = Release|Any CPU
		{33AE3189-B0FE-45C5-85CB-BC3B68C52BCF}.Release|Any CPU.Build.0 = Release|Any CPU
	EndGlobalSection
	GlobalSection(SolutionProperties) = preSolution
		HideSolutionNode = FALSE
	EndGlobalSection
	GlobalSection(ExtensibilityGlobals) = postSolution
		SolutionGuid = {546DD011-0837-47BC-AC04-9BEE46F75644}
	EndGlobalSection
EndGlobal
